
Microsoft Visual Studio Solution File, Format Version 12.00
# Visual Studio 14
VisualStudioVersion = 14.0.23107.0
MinimumVisualStudioVersion = 10.0.40219.1
Project("{8BC9CEB8-8B4A-11D0-8D11-00A0C91BC942}") = "Microsoft.Scripting", "Microsoft.Scripting\Microsoft.Scripting.vcxproj", "{B1CD9941-138D-4324-AB31-D7577BD3B288}"
EndProject
Project("{FAE04EC0-301F-11D3-BF4B-00C04F79EFBC}") = "TestHost", "TestHost\TestHost.csproj", "{7530D25E-CEFF-4A8C-A349-8D67174AF86A}"
	ProjectSection(ProjectDependencies) = postProject
		{2E71A229-B5EA-402D-92F1-5BB82D47CA16} = {2E71A229-B5EA-402D-92F1-5BB82D47CA16}
	EndProjectSection
EndProject
Project("{FAE04EC0-301F-11D3-BF4B-00C04F79EFBC}") = "TestLib", "TestLib\TestLib.csproj", "{2E71A229-B5EA-402D-92F1-5BB82D47CA16}"
EndProject
Project("{FAE04EC0-301F-11D3-BF4B-00C04F79EFBC}") = "VSUnitTests", "VSUnitTests\VSUnitTests.csproj", "{1A0AF808-1097-4893-A1C5-7E4430742D5A}"
EndProject
Global
	GlobalSection(SolutionConfigurationPlatforms) = preSolution
		Debug|Any CPU = Debug|Any CPU
		Debug|ARM = Debug|ARM
		Debug|x64 = Debug|x64
		Debug|x86 = Debug|x86
		Release|Any CPU = Release|Any CPU
		Release|ARM = Release|ARM
		Release|x64 = Release|x64
		Release|x86 = Release|x86
	EndGlobalSection
	GlobalSection(ProjectConfigurationPlatforms) = postSolution
		{B1CD9941-138D-4324-AB31-D7577BD3B288}.Debug|Any CPU.ActiveCfg = Debug|Win32
		{B1CD9941-138D-4324-AB31-D7577BD3B288}.Debug|ARM.ActiveCfg = Debug|ARM
		{B1CD9941-138D-4324-AB31-D7577BD3B288}.Debug|ARM.Build.0 = Debug|ARM
		{B1CD9941-138D-4324-AB31-D7577BD3B288}.Debug|x64.ActiveCfg = Debug|x64
		{B1CD9941-138D-4324-AB31-D7577BD3B288}.Debug|x64.Build.0 = Debug|x64
		{B1CD9941-138D-4324-AB31-D7577BD3B288}.Debug|x86.ActiveCfg = Debug|Win32
		{B1CD9941-138D-4324-AB31-D7577BD3B288}.Debug|x86.Build.0 = Debug|Win32
		{B1CD9941-138D-4324-AB31-D7577BD3B288}.Release|Any CPU.ActiveCfg = Release|Win32
		{B1CD9941-138D-4324-AB31-D7577BD3B288}.Release|ARM.ActiveCfg = Release|ARM
		{B1CD9941-138D-4324-AB31-D7577BD3B288}.Release|ARM.Build.0 = Release|ARM
		{B1CD9941-138D-4324-AB31-D7577BD3B288}.Release|x64.ActiveCfg = Release|x64
		{B1CD9941-138D-4324-AB31-D7577BD3B288}.Release|x64.Build.0 = Release|x64
		{B1CD9941-138D-4324-AB31-D7577BD3B288}.Release|x86.ActiveCfg = Release|Win32
		{B1CD9941-138D-4324-AB31-D7577BD3B288}.Release|x86.Build.0 = Release|Win32
		{7530D25E-CEFF-4A8C-A349-8D67174AF86A}.Debug|Any CPU.ActiveCfg = Debug|x86
		{7530D25E-CEFF-4A8C-A349-8D67174AF86A}.Debug|ARM.ActiveCfg = Debug|ARM
		{7530D25E-CEFF-4A8C-A349-8D67174AF86A}.Debug|ARM.Build.0 = Debug|ARM
		{7530D25E-CEFF-4A8C-A349-8D67174AF86A}.Debug|ARM.Deploy.0 = Debug|ARM
		{7530D25E-CEFF-4A8C-A349-8D67174AF86A}.Debug|x64.ActiveCfg = Debug|x64
		{7530D25E-CEFF-4A8C-A349-8D67174AF86A}.Debug|x64.Build.0 = Debug|x64
		{7530D25E-CEFF-4A8C-A349-8D67174AF86A}.Debug|x64.Deploy.0 = Debug|x64
		{7530D25E-CEFF-4A8C-A349-8D67174AF86A}.Debug|x86.ActiveCfg = Debug|x86
		{7530D25E-CEFF-4A8C-A349-8D67174AF86A}.Debug|x86.Build.0 = Debug|x86
		{7530D25E-CEFF-4A8C-A349-8D67174AF86A}.Debug|x86.Deploy.0 = Debug|x86
		{7530D25E-CEFF-4A8C-A349-8D67174AF86A}.Release|Any CPU.ActiveCfg = Release|x86
		{7530D25E-CEFF-4A8C-A349-8D67174AF86A}.Release|ARM.ActiveCfg = Release|ARM
		{7530D25E-CEFF-4A8C-A349-8D67174AF86A}.Release|ARM.Build.0 = Release|ARM
		{7530D25E-CEFF-4A8C-A349-8D67174AF86A}.Release|ARM.Deploy.0 = Release|ARM
		{7530D25E-CEFF-4A8C-A349-8D67174AF86A}.Release|x64.ActiveCfg = Release|x64
		{7530D25E-CEFF-4A8C-A349-8D67174AF86A}.Release|x64.Build.0 = Release|x64
		{7530D25E-CEFF-4A8C-A349-8D67174AF86A}.Release|x64.Deploy.0 = Release|x64
		{7530D25E-CEFF-4A8C-A349-8D67174AF86A}.Release|x86.ActiveCfg = Release|x86
		{7530D25E-CEFF-4A8C-A349-8D67174AF86A}.Release|x86.Build.0 = Release|x86
		{7530D25E-CEFF-4A8C-A349-8D67174AF86A}.Release|x86.Deploy.0 = Release|x86
		{2E71A229-B5EA-402D-92F1-5BB82D47CA16}.Debug|Any CPU.ActiveCfg = Debug|Any CPU
		{2E71A229-B5EA-402D-92F1-5BB82D47CA16}.Debug|Any CPU.Build.0 = Debug|Any CPU
		{2E71A229-B5EA-402D-92F1-5BB82D47CA16}.Debug|ARM.ActiveCfg = Debug|ARM
		{2E71A229-B5EA-402D-92F1-5BB82D47CA16}.Debug|ARM.Build.0 = Debug|ARM
		{2E71A229-B5EA-402D-92F1-5BB82D47CA16}.Debug|x64.ActiveCfg = Debug|x64
		{2E71A229-B5EA-402D-92F1-5BB82D47CA16}.Debug|x64.Build.0 = Debug|x64
		{2E71A229-B5EA-402D-92F1-5BB82D47CA16}.Debug|x86.ActiveCfg = Debug|x86
		{2E71A229-B5EA-402D-92F1-5BB82D47CA16}.Debug|x86.Build.0 = Debug|x86
		{2E71A229-B5EA-402D-92F1-5BB82D47CA16}.Release|Any CPU.ActiveCfg = Release|Any CPU
		{2E71A229-B5EA-402D-92F1-5BB82D47CA16}.Release|Any CPU.Build.0 = Release|Any CPU
		{2E71A229-B5EA-402D-92F1-5BB82D47CA16}.Release|ARM.ActiveCfg = Release|ARM
		{2E71A229-B5EA-402D-92F1-5BB82D47CA16}.Release|ARM.Build.0 = Release|ARM
		{2E71A229-B5EA-402D-92F1-5BB82D47CA16}.Release|x64.ActiveCfg = Release|x64
		{2E71A229-B5EA-402D-92F1-5BB82D47CA16}.Release|x64.Build.0 = Release|x64
		{2E71A229-B5EA-402D-92F1-5BB82D47CA16}.Release|x86.ActiveCfg = Release|x86
		{2E71A229-B5EA-402D-92F1-5BB82D47CA16}.Release|x86.Build.0 = Release|x86
		{1A0AF808-1097-4893-A1C5-7E4430742D5A}.Debug|Any CPU.ActiveCfg = Debug|x86
		{1A0AF808-1097-4893-A1C5-7E4430742D5A}.Debug|ARM.ActiveCfg = Debug|ARM
		{1A0AF808-1097-4893-A1C5-7E4430742D5A}.Debug|ARM.Build.0 = Debug|ARM
		{1A0AF808-1097-4893-A1C5-7E4430742D5A}.Debug|ARM.Deploy.0 = Debug|ARM
		{1A0AF808-1097-4893-A1C5-7E4430742D5A}.Debug|x64.ActiveCfg = Debug|x64
		{1A0AF808-1097-4893-A1C5-7E4430742D5A}.Debug|x64.Build.0 = Debug|x64
		{1A0AF808-1097-4893-A1C5-7E4430742D5A}.Debug|x64.Deploy.0 = Debug|x64
		{1A0AF808-1097-4893-A1C5-7E4430742D5A}.Debug|x86.ActiveCfg = Debug|x86
		{1A0AF808-1097-4893-A1C5-7E4430742D5A}.Debug|x86.Build.0 = Debug|x86
		{1A0AF808-1097-4893-A1C5-7E4430742D5A}.Debug|x86.Deploy.0 = Debug|x86
		{1A0AF808-1097-4893-A1C5-7E4430742D5A}.Release|Any CPU.ActiveCfg = Release|x86
		{1A0AF808-1097-4893-A1C5-7E4430742D5A}.Release|ARM.ActiveCfg = Release|ARM
		{1A0AF808-1097-4893-A1C5-7E4430742D5A}.Release|ARM.Build.0 = Release|ARM
		{1A0AF808-1097-4893-A1C5-7E4430742D5A}.Release|ARM.Deploy.0 = Release|ARM
		{1A0AF808-1097-4893-A1C5-7E4430742D5A}.Release|x64.ActiveCfg = Release|x64
		{1A0AF808-1097-4893-A1C5-7E4430742D5A}.Release|x64.Build.0 = Release|x64
		{1A0AF808-1097-4893-A1C5-7E4430742D5A}.Release|x64.Deploy.0 = Release|x64
		{1A0AF808-1097-4893-A1C5-7E4430742D5A}.Release|x86.ActiveCfg = Release|x86
		{1A0AF808-1097-4893-A1C5-7E4430742D5A}.Release|x86.Build.0 = Release|x86
		{1A0AF808-1097-4893-A1C5-7E4430742D5A}.Release|x86.Deploy.0 = Release|x86
	EndGlobalSection
	GlobalSection(SolutionProperties) = preSolution
		HideSolutionNode = FALSE
	EndGlobalSection
EndGlobal
